%{
  "color": {:hex, :erlang_color, "1.0.0", "145fe1d2e65c4516e4f03fefca6c2f47ebad5899d978d70382a5cfe643e4ac9e", [:rebar3], [], "hexpm", "6b17e5e589c8fef540574c9ea32b67cec2c8a44283aafe474d6e5818fb3ee038"},
  "dep_from_git": {:git, "https://github.com/diasbruno/lfe.git", "1acfa01be7e9af827f35487524d9a6ce84fb20df", [tag: "ensure-directory-exists-before-writing-beam-file"]},
  "lfe": {:hex, :lfe, "2.2.0", "bc64671f39551e05442b51134d35b1a5392e2a7f766881afc2215faf1bdb64aa", [:rebar3], [], "hexpm", "c09223cc0bf3ec120b791371f6aa3f10cd5a1d1feeb43fb08b3f4a31d6717749"},
  "ltest": {:hex, :ltest, "0.13.11", "c85c848f178a926935daf65c975a1289e9b68a5054a4fcd5bf21b3e9bcbc1c41", [:rebar3], [{:color, "~> 1.0.0", [hex: :erlang_color, repo: "hexpm", optional: false]}, {:lfe, "~> 2.2", [hex: :lfe, repo: "hexpm", optional: false]}], "hexpm", "4f6271e85fc7fe5c4447d1538ca28d5ad23f201fd915ee053c37c927eb41dad5"},
  "lutil": {:hex, :lutil, "0.10.0-rc6", "c3a560c9ed8cdc34b689591cf60336981ad4ea6ce299624ba87191d3fffb8da2", [:rebar3], [], "hexpm", "dc26b486e448bfb06ecaaddd5c9ce6c03bd39467058fcd3d8833cc7babbffd58"},
  "mix_lfe": {:git, "https://github.com/diasbruno/mix_lfe.git", "36d37dbdbf1ee1003a1f146f425babcbc9e7f134", [tag: "update-lfe-versions"]},
  "rebar3_lfe": {:hex, :rebar3_lfe, "0.5.4", "807bfaaf1e38e10eac161a72c360402befe0e359024e137b75d04f237cd3085d", [:rebar3], [{:lfe, "2.2.0", [hex: :lfe, repo: "hexpm", optional: false]}], "hexpm", "fcc26d57a011949fbf05ae10e4f228e07a76485fa676e6ef9a1cdda110f363a8"},
}
